
Microsoft Visual Studio Solution File, Format Version 12.00
# Visual Studio 15
Project("{FAE04EC0-301F-11D3-BF4B-00C04F79EFBC}") = "EducationApp.Android", "EducationApp.Android\EducationApp.Android.csproj", "{6034DD81-2C28-45BA-BBDB-AE76E567D2C8}"
EndProject
Project("{FAE04EC0-301F-11D3-BF4B-00C04F79EFBC}") = "EducationApp.iOS", "EducationApp.iOS\EducationApp.iOS.csproj", "{371BC03F-D074-4BC2-B0D6-46A1A4E5D9D5}"
EndProject
Project("{FAE04EC0-301F-11D3-BF4B-00C04F79EFBC}") = "EducationApp", "EducationApp\EducationApp.csproj", "{329B48C0-5F64-488A-9E9F-C66084EE55B6}"
EndProject
Global
	GlobalSection(SolutionConfigurationPlatforms) = preSolution
		Debug|Any CPU = Debug|Any CPU
		Release|Any CPU = Release|Any CPU
		Debug|iPhoneSimulator = Debug|iPhoneSimulator
		Release|iPhoneSimulator = Release|iPhoneSimulator
		Debug|iPhone = Debug|iPhone
		Release|iPhone = Release|iPhone
	EndGlobalSection
	GlobalSection(ProjectConfigurationPlatforms) = postSolution
		{6034DD81-2C28-45BA-BBDB-AE76E567D2C8}.Debug|Any CPU.ActiveCfg = Debug|Any CPU
		{6034DD81-2C28-45BA-BBDB-AE76E567D2C8}.Debug|Any CPU.Build.0 = Debug|Any CPU
		{6034DD81-2C28-45BA-BBDB-AE76E567D2C8}.Release|Any CPU.ActiveCfg = Release|Any CPU
		{6034DD81-2C28-45BA-BBDB-AE76E567D2C8}.Release|Any CPU.Build.0 = Release|Any CPU
		{6034DD81-2C28-45BA-BBDB-AE76E567D2C8}.Debug|iPhoneSimulator.ActiveCfg = Debug|Any CPU
		{6034DD81-2C28-45BA-BBDB-AE76E567D2C8}.Debug|iPhoneSimulator.Build.0 = Debug|Any CPU
		{6034DD81-2C28-45BA-BBDB-AE76E567D2C8}.Release|iPhoneSimulator.ActiveCfg = Release|Any CPU
		{6034DD81-2C28-45BA-BBDB-AE76E567D2C8}.Release|iPhoneSimulator.Build.0 = Release|Any CPU
		{6034DD81-2C28-45BA-BBDB-AE76E567D2C8}.Debug|iPhone.ActiveCfg = Debug|Any CPU
		{6034DD81-2C28-45BA-BBDB-AE76E567D2C8}.Debug|iPhone.Build.0 = Debug|Any CPU
		{6034DD81-2C28-45BA-BBDB-AE76E567D2C8}.Release|iPhone.ActiveCfg = Release|Any CPU
		{6034DD81-2C28-45BA-BBDB-AE76E567D2C8}.Release|iPhone.Build.0 = Release|Any CPU
		{371BC03F-D074-4BC2-B0D6-46A1A4E5D9D5}.Debug|Any CPU.ActiveCfg = Debug|iPhoneSimulator
		{371BC03F-D074-4BC2-B0D6-46A1A4E5D9D5}.Debug|Any CPU.Build.0 = Debug|iPhoneSimulator
		{371BC03F-D074-4BC2-B0D6-46A1A4E5D9D5}.Release|Any CPU.ActiveCfg = Release|iPhoneSimulator
		{371BC03F-D074-4BC2-B0D6-46A1A4E5D9D5}.Release|Any CPU.Build.0 = Release|iPhoneSimulator
		{371BC03F-D074-4BC2-B0D6-46A1A4E5D9D5}.Debug|iPhoneSimulator.ActiveCfg = Debug|iPhoneSimulator
		{371BC03F-D074-4BC2-B0D6-46A1A4E5D9D5}.Debug|iPhoneSimulator.Build.0 = Debug|iPhoneSimulator
		{371BC03F-D074-4BC2-B0D6-46A1A4E5D9D5}.Release|iPhoneSimulator.ActiveCfg = Release|iPhoneSimulator
		{371BC03F-D074-4BC2-B0D6-46A1A4E5D9D5}.Release|iPhoneSimulator.Build.0 = Release|iPhoneSimulator
		{371BC03F-D074-4BC2-B0D6-46A1A4E5D9D5}.Debug|iPhone.ActiveCfg = Debug|iPhone
		{371BC03F-D074-4BC2-B0D6-46A1A4E5D9D5}.Debug|iPhone.Build.0 = Debug|iPhone
		{371BC03F-D074-4BC2-B0D6-46A1A4E5D9D5}.Release|iPhone.ActiveCfg = Release|iPhone
		{371BC03F-D074-4BC2-B0D6-46A1A4E5D9D5}.Release|iPhone.Build.0 = Release|iPhone
		{329B48C0-5F64-488A-9E9F-C66084EE55B6}.Debug|Any CPU.ActiveCfg = Debug|Any CPU
		{329B48C0-5F64-488A-9E9F-C66084EE55B6}.Debug|Any CPU.Build.0 = Debug|Any CPU
		{329B48C0-5F64-488A-9E9F-C66084EE55B6}.Release|Any CPU.ActiveCfg = Release|Any CPU
		{329B48C0-5F64-488A-9E9F-C66084EE55B6}.Release|Any CPU.Build.0 = Release|Any CPU
		{329B48C0-5F64-488A-9E9F-C66084EE55B6}.Debug|iPhoneSimulator.ActiveCfg = Debug|Any CPU
		{329B48C0-5F64-488A-9E9F-C66084EE55B6}.Debug|iPhoneSimulator.Build.0 = Debug|Any CPU
		{329B48C0-5F64-488A-9E9F-C66084EE55B6}.Release|iPhoneSimulator.ActiveCfg = Release|Any CPU
		{329B48C0-5F64-488A-9E9F-C66084EE55B6}.Release|iPhoneSimulator.Build.0 = Release|Any CPU
		{329B48C0-5F64-488A-9E9F-C66084EE55B6}.Debug|iPhone.ActiveCfg = Debug|Any CPU
		{329B48C0-5F64-488A-9E9F-C66084EE55B6}.Debug|iPhone.Build.0 = Debug|Any CPU
		{329B48C0-5F64-488A-9E9F-C66084EE55B6}.Release|iPhone.ActiveCfg = Release|Any CPU
		{329B48C0-5F64-488A-9E9F-C66084EE55B6}.Release|iPhone.Build.0 = Release|Any CPU
	EndGlobalSection
EndGlobal
